
Microsoft Visual Studio Solution File, Format Version 12.00
# Visual Studio 15
VisualStudioVersion = 15.0.27130.2027
MinimumVisualStudioVersion = 10.0.40219.1
Project("{FAE04EC0-301F-11D3-BF4B-00C04F79EFBC}") = "HatTrick.Model.MsSql", "HatTrick.Model.MsSql\HatTrick.Model.MsSql.csproj", "{60694610-2946-4AC9-B6C5-B75D03077AF0}"
EndProject
Project("{FAE04EC0-301F-11D3-BF4B-00C04F79EFBC}") = "TestHarness", "TestHarness\TestHarness.csproj", "{A598FE62-96EB-40A5-8D88-E137DD8DF7F5}"
EndProject
Global
	GlobalSection(SolutionConfigurationPlatforms) = preSolution
		Debug|Any CPU = Debug|Any CPU
		Release|Any CPU = Release|Any CPU
	EndGlobalSection
	GlobalSection(ProjectConfigurationPlatforms) = postSolution
		{60694610-2946-4AC9-B6C5-B75D03077AF0}.Debug|Any CPU.ActiveCfg = Debug|Any CPU
		{60694610-2946-4AC9-B6C5-B75D03077AF0}.Debug|Any CPU.Build.0 = Debug|Any CPU
		{60694610-2946-4AC9-B6C5-B75D03077AF0}.Release|Any CPU.ActiveCfg = Release|Any CPU
		{60694610-2946-4AC9-B6C5-B75D03077AF0}.Release|Any CPU.Build.0 = Release|Any CPU
		{A598FE62-96EB-40A5-8D88-E137DD8DF7F5}.Debug|Any CPU.ActiveCfg = Debug|Any CPU
		{A598FE62-96EB-40A5-8D88-E137DD8DF7F5}.Debug|Any CPU.Build.0 = Debug|Any CPU
		{A598FE62-96EB-40A5-8D88-E137DD8DF7F5}.Release|Any CPU.ActiveCfg = Release|Any CPU
		{A598FE62-96EB-40A5-8D88-E137DD8DF7F5}.Release|Any CPU.Build.0 = Release|Any CPU
	EndGlobalSection
	GlobalSection(SolutionProperties) = preSolution
		HideSolutionNode = FALSE
	EndGlobalSection
	GlobalSection(ExtensibilityGlobals) = postSolution
		SolutionGuid = {6DDAF459-BAF8-49DF-984C-E2EC0FB152DB}
	EndGlobalSection
EndGlobal
